
Microsoft Visual Studio Solution File, Format Version 12.00
# Visual Studio 14
VisualStudioVersion = 14.0.25420.1
MinimumVisualStudioVersion = 10.0.40219.1
Project("{8BC9CEB8-8B4A-11D0-8D11-00A0C91BC942}") = "StarID_C_dll", "StarID_C_dll\StarID_C_dll.vcxproj", "{81D5916C-1E91-434C-84D0-CF3B7E7E3159}"
EndProject
Project("{8BC9CEB8-8B4A-11D0-8D11-00A0C91BC942}") = "SU320CSX_Control", "SU320CSX_Control\SU320CSX_Control.vcxproj", "{25DC7AB2-CAAD-4A17-BBF0-7DA25DA626AA}"
EndProject
Project("{8BC9CEB8-8B4A-11D0-8D11-00A0C91BC942}") = "OIM_Control", "OIM_Control\OIM_Control.vcxproj", "{B195404E-4332-40F9-9AC6-6178A16E5E3D}"
EndProject
Project("{2150E333-8FDC-42A3-9474-1A3956D46DE8}") = "Solution Items", "Solution Items", "{7B1C83C0-B2BF-4526-B7A8-54C205FB7752}"
	ProjectSection(SolutionItems) = preProject
		README.txt = README.txt
	EndProjectSection
EndProject
Project("{8BC9CEB8-8B4A-11D0-8D11-00A0C91BC942}") = "OIM_Control_FT4222", "OIM_Control_FT4222\OIM_Control_FT4222.vcxproj", "{C5E7CC31-5DF7-4984-820D-2BECD6946FC1}"
EndProject
Project("{FAE04EC0-301F-11D3-BF4B-00C04F79EFBC}") = "PorTeL", "PorTeL\PorTeL.csproj", "{1ED08D1B-A5A3-43C8-91C5-7CCEA71A2346}"
	ProjectSection(ProjectDependencies) = postProject
		{C5E7CC31-5DF7-4984-820D-2BECD6946FC1} = {C5E7CC31-5DF7-4984-820D-2BECD6946FC1}
		{B195404E-4332-40F9-9AC6-6178A16E5E3D} = {B195404E-4332-40F9-9AC6-6178A16E5E3D}
		{81D5916C-1E91-434C-84D0-CF3B7E7E3159} = {81D5916C-1E91-434C-84D0-CF3B7E7E3159}
		{25DC7AB2-CAAD-4A17-BBF0-7DA25DA626AA} = {25DC7AB2-CAAD-4A17-BBF0-7DA25DA626AA}
		{62FB49ED-D274-400B-B2BD-67132D45EC1E} = {62FB49ED-D274-400B-B2BD-67132D45EC1E}
	EndProjectSection
EndProject
Project("{FAE04EC0-301F-11D3-BF4B-00C04F79EFBC}") = "HSYLib.CS", "HY_Libraries\hsylib.cs\HSYLib.CS\HSYLib.CS.csproj", "{62FB49ED-D274-400B-B2BD-67132D45EC1E}"
EndProject
Global
	GlobalSection(SolutionConfigurationPlatforms) = preSolution
		Debug|Any CPU = Debug|Any CPU
		Debug|x64 = Debug|x64
		Debug|x86 = Debug|x86
		Release|Any CPU = Release|Any CPU
		Release|x64 = Release|x64
		Release|x86 = Release|x86
	EndGlobalSection
	GlobalSection(ProjectConfigurationPlatforms) = postSolution
		{81D5916C-1E91-434C-84D0-CF3B7E7E3159}.Debug|Any CPU.ActiveCfg = Release|Win32
		{81D5916C-1E91-434C-84D0-CF3B7E7E3159}.Debug|Any CPU.Build.0 = Release|Win32
		{81D5916C-1E91-434C-84D0-CF3B7E7E3159}.Debug|x64.ActiveCfg = Debug|x64
		{81D5916C-1E91-434C-84D0-CF3B7E7E3159}.Debug|x64.Build.0 = Debug|x64
		{81D5916C-1E91-434C-84D0-CF3B7E7E3159}.Debug|x86.ActiveCfg = Debug|Win32
		{81D5916C-1E91-434C-84D0-CF3B7E7E3159}.Debug|x86.Build.0 = Debug|Win32
		{81D5916C-1E91-434C-84D0-CF3B7E7E3159}.Release|Any CPU.ActiveCfg = Release|Win32
		{81D5916C-1E91-434C-84D0-CF3B7E7E3159}.Release|Any CPU.Build.0 = Release|Win32
		{81D5916C-1E91-434C-84D0-CF3B7E7E3159}.Release|x64.ActiveCfg = Release|x64
		{81D5916C-1E91-434C-84D0-CF3B7E7E3159}.Release|x64.Build.0 = Release|x64
		{81D5916C-1E91-434C-84D0-CF3B7E7E3159}.Release|x86.ActiveCfg = Release|Win32
		{81D5916C-1E91-434C-84D0-CF3B7E7E3159}.Release|x86.Build.0 = Release|Win32
		{25DC7AB2-CAAD-4A17-BBF0-7DA25DA626AA}.Debug|Any CPU.ActiveCfg = Release|Win32
		{25DC7AB2-CAAD-4A17-BBF0-7DA25DA626AA}.Debug|Any CPU.Build.0 = Release|Win32
		{25DC7AB2-CAAD-4A17-BBF0-7DA25DA626AA}.Debug|x64.ActiveCfg = Debug|x64
		{25DC7AB2-CAAD-4A17-BBF0-7DA25DA626AA}.Debug|x64.Build.0 = Debug|x64
		{25DC7AB2-CAAD-4A17-BBF0-7DA25DA626AA}.Debug|x86.ActiveCfg = Debug|Win32
		{25DC7AB2-CAAD-4A17-BBF0-7DA25DA626AA}.Debug|x86.Build.0 = Debug|Win32
		{25DC7AB2-CAAD-4A17-BBF0-7DA25DA626AA}.Release|Any CPU.ActiveCfg = Release|Win32
		{25DC7AB2-CAAD-4A17-BBF0-7DA25DA626AA}.Release|Any CPU.Build.0 = Release|Win32
		{25DC7AB2-CAAD-4A17-BBF0-7DA25DA626AA}.Release|x64.ActiveCfg = Release|x64
		{25DC7AB2-CAAD-4A17-BBF0-7DA25DA626AA}.Release|x64.Build.0 = Release|x64
		{25DC7AB2-CAAD-4A17-BBF0-7DA25DA626AA}.Release|x86.ActiveCfg = Release|Win32
		{25DC7AB2-CAAD-4A17-BBF0-7DA25DA626AA}.Release|x86.Build.0 = Release|Win32
		{B195404E-4332-40F9-9AC6-6178A16E5E3D}.Debug|Any CPU.ActiveCfg = Release|Win32
		{B195404E-4332-40F9-9AC6-6178A16E5E3D}.Debug|Any CPU.Build.0 = Release|Win32
		{B195404E-4332-40F9-9AC6-6178A16E5E3D}.Debug|x64.ActiveCfg = Debug|x64
		{B195404E-4332-40F9-9AC6-6178A16E5E3D}.Debug|x64.Build.0 = Debug|x64
		{B195404E-4332-40F9-9AC6-6178A16E5E3D}.Debug|x86.ActiveCfg = Debug|Win32
		{B195404E-4332-40F9-9AC6-6178A16E5E3D}.Debug|x86.Build.0 = Debug|Win32
		{B195404E-4332-40F9-9AC6-6178A16E5E3D}.Release|Any CPU.ActiveCfg = Release|Win32
		{B195404E-4332-40F9-9AC6-6178A16E5E3D}.Release|Any CPU.Build.0 = Release|Win32
		{B195404E-4332-40F9-9AC6-6178A16E5E3D}.Release|x64.ActiveCfg = Release|x64
		{B195404E-4332-40F9-9AC6-6178A16E5E3D}.Release|x64.Build.0 = Release|x64
		{B195404E-4332-40F9-9AC6-6178A16E5E3D}.Release|x86.ActiveCfg = Release|Win32
		{B195404E-4332-40F9-9AC6-6178A16E5E3D}.Release|x86.Build.0 = Release|Win32
		{C5E7CC31-5DF7-4984-820D-2BECD6946FC1}.Debug|Any CPU.ActiveCfg = Release|Win32
		{C5E7CC31-5DF7-4984-820D-2BECD6946FC1}.Debug|Any CPU.Build.0 = Release|Win32
		{C5E7CC31-5DF7-4984-820D-2BECD6946FC1}.Debug|x64.ActiveCfg = Debug|x64
		{C5E7CC31-5DF7-4984-820D-2BECD6946FC1}.Debug|x64.Build.0 = Debug|x64
		{C5E7CC31-5DF7-4984-820D-2BECD6946FC1}.Debug|x86.ActiveCfg = Debug|Win32
		{C5E7CC31-5DF7-4984-820D-2BECD6946FC1}.Debug|x86.Build.0 = Debug|Win32
		{C5E7CC31-5DF7-4984-820D-2BECD6946FC1}.Release|Any CPU.ActiveCfg = Release|Win32
		{C5E7CC31-5DF7-4984-820D-2BECD6946FC1}.Release|Any CPU.Build.0 = Release|Win32
		{C5E7CC31-5DF7-4984-820D-2BECD6946FC1}.Release|x64.ActiveCfg = Release|x64
		{C5E7CC31-5DF7-4984-820D-2BECD6946FC1}.Release|x64.Build.0 = Release|x64
		{C5E7CC31-5DF7-4984-820D-2BECD6946FC1}.Release|x86.ActiveCfg = Release|Win32
		{C5E7CC31-5DF7-4984-820D-2BECD6946FC1}.Release|x86.Build.0 = Release|Win32
		{1ED08D1B-A5A3-43C8-91C5-7CCEA71A2346}.Debug|Any CPU.ActiveCfg = Release|Any CPU
		{1ED08D1B-A5A3-43C8-91C5-7CCEA71A2346}.Debug|Any CPU.Build.0 = Release|Any CPU
		{1ED08D1B-A5A3-43C8-91C5-7CCEA71A2346}.Debug|x64.ActiveCfg = Debug|Any CPU
		{1ED08D1B-A5A3-43C8-91C5-7CCEA71A2346}.Debug|x64.Build.0 = Debug|Any CPU
		{1ED08D1B-A5A3-43C8-91C5-7CCEA71A2346}.Debug|x86.ActiveCfg = Debug|Any CPU
		{1ED08D1B-A5A3-43C8-91C5-7CCEA71A2346}.Debug|x86.Build.0 = Debug|Any CPU
		{1ED08D1B-A5A3-43C8-91C5-7CCEA71A2346}.Release|Any CPU.ActiveCfg = Release|Any CPU
		{1ED08D1B-A5A3-43C8-91C5-7CCEA71A2346}.Release|Any CPU.Build.0 = Release|Any CPU
		{1ED08D1B-A5A3-43C8-91C5-7CCEA71A2346}.Release|x64.ActiveCfg = Release|Any CPU
		{1ED08D1B-A5A3-43C8-91C5-7CCEA71A2346}.Release|x64.Build.0 = Release|Any CPU
		{1ED08D1B-A5A3-43C8-91C5-7CCEA71A2346}.Release|x86.ActiveCfg = Release|Any CPU
		{1ED08D1B-A5A3-43C8-91C5-7CCEA71A2346}.Release|x86.Build.0 = Release|Any CPU
		{62FB49ED-D274-400B-B2BD-67132D45EC1E}.Debug|Any CPU.ActiveCfg = Release|Any CPU
		{62FB49ED-D274-400B-B2BD-67132D45EC1E}.Debug|Any CPU.Build.0 = Release|Any CPU
		{62FB49ED-D274-400B-B2BD-67132D45EC1E}.Debug|x64.ActiveCfg = Debug|Any CPU
		{62FB49ED-D274-400B-B2BD-67132D45EC1E}.Debug|x64.Build.0 = Debug|Any CPU
		{62FB49ED-D274-400B-B2BD-67132D45EC1E}.Debug|x86.ActiveCfg = Debug|x86
		{62FB49ED-D274-400B-B2BD-67132D45EC1E}.Debug|x86.Build.0 = Debug|x86
		{62FB49ED-D274-400B-B2BD-67132D45EC1E}.Release|Any CPU.ActiveCfg = Release|Any CPU
		{62FB49ED-D274-400B-B2BD-67132D45EC1E}.Release|Any CPU.Build.0 = Release|Any CPU
		{62FB49ED-D274-400B-B2BD-67132D45EC1E}.Release|x64.ActiveCfg = Release|Any CPU
		{62FB49ED-D274-400B-B2BD-67132D45EC1E}.Release|x64.Build.0 = Release|Any CPU
		{62FB49ED-D274-400B-B2BD-67132D45EC1E}.Release|x86.ActiveCfg = Release|x86
		{62FB49ED-D274-400B-B2BD-67132D45EC1E}.Release|x86.Build.0 = Release|x86
	EndGlobalSection
	GlobalSection(SolutionProperties) = preSolution
		HideSolutionNode = FALSE
	EndGlobalSection
EndGlobal
